
Microsoft Visual Studio Solution File, Format Version 12.00
# Visual Studio 15
VisualStudioVersion = 15.0.28307.1433
MinimumVisualStudioVersion = 10.0.40219.1
Project("{8BC9CEB8-8B4A-11D0-8D11-00A0C91BC942}") = "changecode", "changecode.vcxproj", "{2AAD5D75-D659-4A49-9198-53894FEDAA07}"
EndProject
Global
	GlobalSection(SolutionConfigurationPlatforms) = preSolution
		Debug|x64 = Debug|x64
		Debug|x86 = Debug|x86
		Release|x64 = Release|x64
		Release|x86 = Release|x86
	EndGlobalSection
	GlobalSection(ProjectConfigurationPlatforms) = postSolution
		{2AAD5D75-D659-4A49-9198-53894FEDAA07}.Debug|x64.ActiveCfg = Debug|x64
		{2AAD5D75-D659-4A49-9198-53894FEDAA07}.Debug|x64.Build.0 = Debug|x64
		{2AAD5D75-D659-4A49-9198-53894FEDAA07}.Debug|x86.ActiveCfg = Debug|Win32
		{2AAD5D75-D659-4A49-9198-53894FEDAA07}.Debug|x86.Build.0 = Debug|Win32
		{2AAD5D75-D659-4A49-9198-53894FEDAA07}.Release|x64.ActiveCfg = Release|x64
		{2AAD5D75-D659-4A49-9198-53894FEDAA07}.Release|x64.Build.0 = Release|x64
		{2AAD5D75-D659-4A49-9198-53894FEDAA07}.Release|x86.ActiveCfg = Release|Win32
		{2AAD5D75-D659-4A49-9198-53894FEDAA07}.Release|x86.Build.0 = Release|Win32
	EndGlobalSection
	GlobalSection(SolutionProperties) = preSolution
		HideSolutionNode = FALSE
	EndGlobalSection
	GlobalSection(ExtensibilityGlobals) = postSolution
		SolutionGuid = {54A4B482-B821-4AF8-A6AB-E68842F0ED48}
	EndGlobalSection
EndGlobal
